# This file is automatically @generated by Cargo.
# It is not intended for manual editing.
version = 4

[[package]]
name = "os-infrastructure"
version = "0.1.0"
dependencies = [
 "system-network-interface",
 "system-substrate-broadcom",
]

[[package]]
name = "os-network-admin"
version = "0.1.0"

[[package]]
name = "system-network-interface"
version = "0.1.0"
dependencies = [
 "system-substrate-broadcom",
]

[[package]]
name = "system-substrate-broadcom"
version = "0.1.0"
