# This file is automatically @generated by Cargo.
# It is not intended for manual editing.
version = 4

[[package]]
name = "os-infrastructure"
version = "0.1.0"
dependencies = [
 "system-core",
 "system-substrate",
 "system-substrate-broadcom",
]

[[package]]
name = "os-network-admin"
version = "0.1.0"
dependencies = [
 "system-core",
 "system-security",
 "system-substrate",
]

[[package]]
name = "system-core"
version = "0.1.0"

[[package]]
name = "system-security"
version = "0.1.0"
dependencies = [
 "system-core",
]

[[package]]
name = "system-substrate"
version = "0.1.0"
dependencies = [
 "system-core",
]

[[package]]
name = "system-substrate-broadcom"
version = "0.1.0"
dependencies = [
 "system-core",
 "system-substrate-wifi",
]

[[package]]
name = "system-substrate-wifi"
version = "0.1.0"
dependencies = [
 "system-core",
]
